
Microsoft Visual Studio Solution File, Format Version 12.00
# Visual Studio Version 17
VisualStudioVersion = 17.8.34316.72
MinimumVisualStudioVersion = 10.0.40219.1
Project("{9A19103F-16F7-4668-BE54-9A1E7A4F7556}") = "01.DayofWeek", "01.DayofWeek\01.DayofWeek.csproj", "{584F3607-F674-4567-A264-AEBB0F7811B5}"
EndProject
Project("{9A19103F-16F7-4668-BE54-9A1E7A4F7556}") = "02.WeekendorWorking Day", "02.WeekendorWorking Day\02.WeekendorWorking Day.csproj", "{39B81203-5C8E-46A1-AF8B-CB7ED532D957}"
EndProject
Project("{9A19103F-16F7-4668-BE54-9A1E7A4F7556}") = "03.AnimalType", "03.AnimalType\03.AnimalType.csproj", "{26FE2EA9-45E7-4D71-B9E0-BF69509D0C38}"
EndProject
Project("{9A19103F-16F7-4668-BE54-9A1E7A4F7556}") = "04.PersonalTitles", "04.PersonalTitles\04.PersonalTitles.csproj", "{DAE5CEF7-EA54-4C6D-9434-2943C6106304}"
EndProject
Project("{9A19103F-16F7-4668-BE54-9A1E7A4F7556}") = "05.SmallShop", "05.SmallShop\05.SmallShop.csproj", "{08B809B2-C1AB-4E80-B9DD-DE65E28CE6A5}"
EndProject
Project("{9A19103F-16F7-4668-BE54-9A1E7A4F7556}") = "06.NumberinRange", "06.NumberinRange\06.NumberinRange.csproj", "{E50CB2A7-1262-4641-9EF9-87483424BBA6}"
EndProject
Project("{FAE04EC0-301F-11D3-BF4B-00C04F79EFBC}") = "07.WorkingHours", "07.WorkingHours\07.WorkingHours.csproj", "{E57C3066-BBD1-45BF-BE01-E6F652C5FA6D}"
EndProject
Project("{FAE04EC0-301F-11D3-BF4B-00C04F79EFBC}") = "08.CinemaTicket", "08.CinemaTicket\08.CinemaTicket.csproj", "{79665CF4-762D-4F07-A9B9-086564F9F7DD}"
EndProject
Project("{FAE04EC0-301F-11D3-BF4B-00C04F79EFBC}") = "09.FruitorVegetable", "09.FruitorVegetable\09.FruitorVegetable.csproj", "{3AB974F5-27ED-46AD-B5E7-4B81C4A08D5D}"
EndProject
Project("{FAE04EC0-301F-11D3-BF4B-00C04F79EFBC}") = "10.InvalidNumber", "10.InvalidNumber\10.InvalidNumber.csproj", "{204A3923-D1A9-4CB5-A4EA-889045C95B2F}"
EndProject
Project("{FAE04EC0-301F-11D3-BF4B-00C04F79EFBC}") = "11.FruitShop", "11.FruitShop\11.FruitShop.csproj", "{502A2D8F-635C-4C92-8798-5099C3FFC9AF}"
EndProject
Project("{FAE04EC0-301F-11D3-BF4B-00C04F79EFBC}") = "12.TradeCommissions", "12.TradeCommissions\12.TradeCommissions.csproj", "{4C2FC320-154D-498D-A1AC-8150C2EED24C}"
EndProject
Global
	GlobalSection(SolutionConfigurationPlatforms) = preSolution
		Debug|Any CPU = Debug|Any CPU
		Release|Any CPU = Release|Any CPU
	EndGlobalSection
	GlobalSection(ProjectConfigurationPlatforms) = postSolution
		{584F3607-F674-4567-A264-AEBB0F7811B5}.Debug|Any CPU.ActiveCfg = Debug|Any CPU
		{584F3607-F674-4567-A264-AEBB0F7811B5}.Debug|Any CPU.Build.0 = Debug|Any CPU
		{584F3607-F674-4567-A264-AEBB0F7811B5}.Release|Any CPU.ActiveCfg = Release|Any CPU
		{584F3607-F674-4567-A264-AEBB0F7811B5}.Release|Any CPU.Build.0 = Release|Any CPU
		{39B81203-5C8E-46A1-AF8B-CB7ED532D957}.Debug|Any CPU.ActiveCfg = Debug|Any CPU
		{39B81203-5C8E-46A1-AF8B-CB7ED532D957}.Debug|Any CPU.Build.0 = Debug|Any CPU
		{39B81203-5C8E-46A1-AF8B-CB7ED532D957}.Release|Any CPU.ActiveCfg = Release|Any CPU
		{39B81203-5C8E-46A1-AF8B-CB7ED532D957}.Release|Any CPU.Build.0 = Release|Any CPU
		{26FE2EA9-45E7-4D71-B9E0-BF69509D0C38}.Debug|Any CPU.ActiveCfg = Debug|Any CPU
		{26FE2EA9-45E7-4D71-B9E0-BF69509D0C38}.Debug|Any CPU.Build.0 = Debug|Any CPU
		{26FE2EA9-45E7-4D71-B9E0-BF69509D0C38}.Release|Any CPU.ActiveCfg = Release|Any CPU
		{26FE2EA9-45E7-4D71-B9E0-BF69509D0C38}.Release|Any CPU.Build.0 = Release|Any CPU
		{DAE5CEF7-EA54-4C6D-9434-2943C6106304}.Debug|Any CPU.ActiveCfg = Debug|Any CPU
		{DAE5CEF7-EA54-4C6D-9434-2943C6106304}.Debug|Any CPU.Build.0 = Debug|Any CPU
		{DAE5CEF7-EA54-4C6D-9434-2943C6106304}.Release|Any CPU.ActiveCfg = Release|Any CPU
		{DAE5CEF7-EA54-4C6D-9434-2943C6106304}.Release|Any CPU.Build.0 = Release|Any CPU
		{08B809B2-C1AB-4E80-B9DD-DE65E28CE6A5}.Debug|Any CPU.ActiveCfg = Debug|Any CPU
		{08B809B2-C1AB-4E80-B9DD-DE65E28CE6A5}.Debug|Any CPU.Build.0 = Debug|Any CPU
		{08B809B2-C1AB-4E80-B9DD-DE65E28CE6A5}.Release|Any CPU.ActiveCfg = Release|Any CPU
		{08B809B2-C1AB-4E80-B9DD-DE65E28CE6A5}.Release|Any CPU.Build.0 = Release|Any CPU
		{E50CB2A7-1262-4641-9EF9-87483424BBA6}.Debug|Any CPU.ActiveCfg = Debug|Any CPU
		{E50CB2A7-1262-4641-9EF9-87483424BBA6}.Debug|Any CPU.Build.0 = Debug|Any CPU
		{E50CB2A7-1262-4641-9EF9-87483424BBA6}.Release|Any CPU.ActiveCfg = Release|Any CPU
		{E50CB2A7-1262-4641-9EF9-87483424BBA6}.Release|Any CPU.Build.0 = Release|Any CPU
		{E57C3066-BBD1-45BF-BE01-E6F652C5FA6D}.Debug|Any CPU.ActiveCfg = Debug|Any CPU
		{E57C3066-BBD1-45BF-BE01-E6F652C5FA6D}.Debug|Any CPU.Build.0 = Debug|Any CPU
		{E57C3066-BBD1-45BF-BE01-E6F652C5FA6D}.Release|Any CPU.ActiveCfg = Release|Any CPU
		{E57C3066-BBD1-45BF-BE01-E6F652C5FA6D}.Release|Any CPU.Build.0 = Release|Any CPU
		{79665CF4-762D-4F07-A9B9-086564F9F7DD}.Debug|Any CPU.ActiveCfg = Debug|Any CPU
		{79665CF4-762D-4F07-A9B9-086564F9F7DD}.Debug|Any CPU.Build.0 = Debug|Any CPU
		{79665CF4-762D-4F07-A9B9-086564F9F7DD}.Release|Any CPU.ActiveCfg = Release|Any CPU
		{79665CF4-762D-4F07-A9B9-086564F9F7DD}.Release|Any CPU.Build.0 = Release|Any CPU
		{3AB974F5-27ED-46AD-B5E7-4B81C4A08D5D}.Debug|Any CPU.ActiveCfg = Debug|Any CPU
		{3AB974F5-27ED-46AD-B5E7-4B81C4A08D5D}.Debug|Any CPU.Build.0 = Debug|Any CPU
		{3AB974F5-27ED-46AD-B5E7-4B81C4A08D5D}.Release|Any CPU.ActiveCfg = Release|Any CPU
		{3AB974F5-27ED-46AD-B5E7-4B81C4A08D5D}.Release|Any CPU.Build.0 = Release|Any CPU
		{204A3923-D1A9-4CB5-A4EA-889045C95B2F}.Debug|Any CPU.ActiveCfg = Debug|Any CPU
		{204A3923-D1A9-4CB5-A4EA-889045C95B2F}.Debug|Any CPU.Build.0 = Debug|Any CPU
		{204A3923-D1A9-4CB5-A4EA-889045C95B2F}.Release|Any CPU.ActiveCfg = Release|Any CPU
		{204A3923-D1A9-4CB5-A4EA-889045C95B2F}.Release|Any CPU.Build.0 = Release|Any CPU
		{502A2D8F-635C-4C92-8798-5099C3FFC9AF}.Debug|Any CPU.ActiveCfg = Debug|Any CPU
		{502A2D8F-635C-4C92-8798-5099C3FFC9AF}.Debug|Any CPU.Build.0 = Debug|Any CPU
		{502A2D8F-635C-4C92-8798-5099C3FFC9AF}.Release|Any CPU.ActiveCfg = Release|Any CPU
		{502A2D8F-635C-4C92-8798-5099C3FFC9AF}.Release|Any CPU.Build.0 = Release|Any CPU
		{4C2FC320-154D-498D-A1AC-8150C2EED24C}.Debug|Any CPU.ActiveCfg = Debug|Any CPU
		{4C2FC320-154D-498D-A1AC-8150C2EED24C}.Debug|Any CPU.Build.0 = Debug|Any CPU
		{4C2FC320-154D-498D-A1AC-8150C2EED24C}.Release|Any CPU.ActiveCfg = Release|Any CPU
		{4C2FC320-154D-498D-A1AC-8150C2EED24C}.Release|Any CPU.Build.0 = Release|Any CPU
	EndGlobalSection
	GlobalSection(SolutionProperties) = preSolution
		HideSolutionNode = FALSE
	EndGlobalSection
	GlobalSection(ExtensibilityGlobals) = postSolution
		SolutionGuid = {FA80CB4A-24EA-4372-B668-B4B2A8E90742}
	EndGlobalSection
EndGlobal
